
Microsoft Visual Studio Solution File, Format Version 12.00
# Visual Studio Version 18
VisualStudioVersion = 18.0.11222.15 d18.0
MinimumVisualStudioVersion = 10.0.40219.1
Project("{FAE04EC0-301F-11D3-BF4B-00C04F79EFBC}") = "LaurelLibrary.Services", "LaurelLibrary.Services\LaurelLibrary.Services.csproj", "{4DEE15DF-1B04-4561-96A3-F4CAD6EB3ABA}"
EndProject
Project("{FAE04EC0-301F-11D3-BF4B-00C04F79EFBC}") = "LaurelLibrary.Persistence", "LaurelLibrary.Persistence\LaurelLibrary.Persistence.csproj", "{544E215F-1B11-451D-B61D-E7CA50B5AA6E}"
EndProject
Project("{FAE04EC0-301F-11D3-BF4B-00C04F79EFBC}") = "LaurelLibrary.Services.Abstractions", "LaurelLibrary.Services.Abstractions\LaurelLibrary.Services.Abstractions.csproj", "{5215DBF9-F670-44B0-8569-4CEB754FAA5C}"
EndProject
Project("{FAE04EC0-301F-11D3-BF4B-00C04F79EFBC}") = "LaurelLibrary.UI", "LaurelLibrary.UI\LaurelLibrary.UI.csproj", "{7830F126-4C52-4DAF-8128-B8F787CF712B}"
EndProject
Project("{FAE04EC0-301F-11D3-BF4B-00C04F79EFBC}") = "LaurelLibrary.Domain", "LaurelLibrary.Domain\LaurelLibrary.Domain.csproj", "{F5DFE9BF-F138-48E3-906C-09DB32702437}"
EndProject
Project("{FAE04EC0-301F-11D3-BF4B-00C04F79EFBC}") = "LaurelLibrary.EmailSenderServices", "LaurelLibrary.EmailSenderServices\LaurelLibrary.EmailSenderServices.csproj", "{50B92308-86D8-4D4D-834F-47A9743AC7E4}"
EndProject
Project("{2150E333-8FDC-42A3-9474-1A3956D46DE8}") = "tests", "tests", "{0AB3BF05-4346-4AA6-1389-037BE0695223}"
EndProject
Project("{FAE04EC0-301F-11D3-BF4B-00C04F79EFBC}") = "LaurelLibrary.Tests", "tests\LaurelLibrary.Tests\LaurelLibrary.Tests.csproj", "{538BEB96-6741-473A-A835-4971CCA3934C}"
EndProject
Global
	GlobalSection(SolutionConfigurationPlatforms) = preSolution
		Debug|Any CPU = Debug|Any CPU
		Debug|x64 = Debug|x64
		Debug|x86 = Debug|x86
		Release|Any CPU = Release|Any CPU
		Release|x64 = Release|x64
		Release|x86 = Release|x86
	EndGlobalSection
	GlobalSection(ProjectConfigurationPlatforms) = postSolution
		{4DEE15DF-1B04-4561-96A3-F4CAD6EB3ABA}.Debug|Any CPU.ActiveCfg = Debug|Any CPU
		{4DEE15DF-1B04-4561-96A3-F4CAD6EB3ABA}.Debug|Any CPU.Build.0 = Debug|Any CPU
		{4DEE15DF-1B04-4561-96A3-F4CAD6EB3ABA}.Debug|x64.ActiveCfg = Debug|Any CPU
		{4DEE15DF-1B04-4561-96A3-F4CAD6EB3ABA}.Debug|x64.Build.0 = Debug|Any CPU
		{4DEE15DF-1B04-4561-96A3-F4CAD6EB3ABA}.Debug|x86.ActiveCfg = Debug|Any CPU
		{4DEE15DF-1B04-4561-96A3-F4CAD6EB3ABA}.Debug|x86.Build.0 = Debug|Any CPU
		{4DEE15DF-1B04-4561-96A3-F4CAD6EB3ABA}.Release|Any CPU.ActiveCfg = Release|Any CPU
		{4DEE15DF-1B04-4561-96A3-F4CAD6EB3ABA}.Release|Any CPU.Build.0 = Release|Any CPU
		{4DEE15DF-1B04-4561-96A3-F4CAD6EB3ABA}.Release|x64.ActiveCfg = Release|Any CPU
		{4DEE15DF-1B04-4561-96A3-F4CAD6EB3ABA}.Release|x64.Build.0 = Release|Any CPU
		{4DEE15DF-1B04-4561-96A3-F4CAD6EB3ABA}.Release|x86.ActiveCfg = Release|Any CPU
		{4DEE15DF-1B04-4561-96A3-F4CAD6EB3ABA}.Release|x86.Build.0 = Release|Any CPU
		{544E215F-1B11-451D-B61D-E7CA50B5AA6E}.Debug|Any CPU.ActiveCfg = Debug|Any CPU
		{544E215F-1B11-451D-B61D-E7CA50B5AA6E}.Debug|Any CPU.Build.0 = Debug|Any CPU
		{544E215F-1B11-451D-B61D-E7CA50B5AA6E}.Debug|x64.ActiveCfg = Debug|Any CPU
		{544E215F-1B11-451D-B61D-E7CA50B5AA6E}.Debug|x64.Build.0 = Debug|Any CPU
		{544E215F-1B11-451D-B61D-E7CA50B5AA6E}.Debug|x86.ActiveCfg = Debug|Any CPU
		{544E215F-1B11-451D-B61D-E7CA50B5AA6E}.Debug|x86.Build.0 = Debug|Any CPU
		{544E215F-1B11-451D-B61D-E7CA50B5AA6E}.Release|Any CPU.ActiveCfg = Release|Any CPU
		{544E215F-1B11-451D-B61D-E7CA50B5AA6E}.Release|Any CPU.Build.0 = Release|Any CPU
		{544E215F-1B11-451D-B61D-E7CA50B5AA6E}.Release|x64.ActiveCfg = Release|Any CPU
		{544E215F-1B11-451D-B61D-E7CA50B5AA6E}.Release|x64.Build.0 = Release|Any CPU
		{544E215F-1B11-451D-B61D-E7CA50B5AA6E}.Release|x86.ActiveCfg = Release|Any CPU
		{544E215F-1B11-451D-B61D-E7CA50B5AA6E}.Release|x86.Build.0 = Release|Any CPU
		{5215DBF9-F670-44B0-8569-4CEB754FAA5C}.Debug|Any CPU.ActiveCfg = Debug|Any CPU
		{5215DBF9-F670-44B0-8569-4CEB754FAA5C}.Debug|Any CPU.Build.0 = Debug|Any CPU
		{5215DBF9-F670-44B0-8569-4CEB754FAA5C}.Debug|x64.ActiveCfg = Debug|Any CPU
		{5215DBF9-F670-44B0-8569-4CEB754FAA5C}.Debug|x64.Build.0 = Debug|Any CPU
		{5215DBF9-F670-44B0-8569-4CEB754FAA5C}.Debug|x86.ActiveCfg = Debug|Any CPU
		{5215DBF9-F670-44B0-8569-4CEB754FAA5C}.Debug|x86.Build.0 = Debug|Any CPU
		{5215DBF9-F670-44B0-8569-4CEB754FAA5C}.Release|Any CPU.ActiveCfg = Release|Any CPU
		{5215DBF9-F670-44B0-8569-4CEB754FAA5C}.Release|Any CPU.Build.0 = Release|Any CPU
		{5215DBF9-F670-44B0-8569-4CEB754FAA5C}.Release|x64.ActiveCfg = Release|Any CPU
		{5215DBF9-F670-44B0-8569-4CEB754FAA5C}.Release|x64.Build.0 = Release|Any CPU
		{5215DBF9-F670-44B0-8569-4CEB754FAA5C}.Release|x86.ActiveCfg = Release|Any CPU
		{5215DBF9-F670-44B0-8569-4CEB754FAA5C}.Release|x86.Build.0 = Release|Any CPU
		{7830F126-4C52-4DAF-8128-B8F787CF712B}.Debug|Any CPU.ActiveCfg = Debug|Any CPU
		{7830F126-4C52-4DAF-8128-B8F787CF712B}.Debug|Any CPU.Build.0 = Debug|Any CPU
		{7830F126-4C52-4DAF-8128-B8F787CF712B}.Debug|x64.ActiveCfg = Debug|Any CPU
		{7830F126-4C52-4DAF-8128-B8F787CF712B}.Debug|x64.Build.0 = Debug|Any CPU
		{7830F126-4C52-4DAF-8128-B8F787CF712B}.Debug|x86.ActiveCfg = Debug|Any CPU
		{7830F126-4C52-4DAF-8128-B8F787CF712B}.Debug|x86.Build.0 = Debug|Any CPU
		{7830F126-4C52-4DAF-8128-B8F787CF712B}.Release|Any CPU.ActiveCfg = Release|Any CPU
		{7830F126-4C52-4DAF-8128-B8F787CF712B}.Release|Any CPU.Build.0 = Release|Any CPU
		{7830F126-4C52-4DAF-8128-B8F787CF712B}.Release|x64.ActiveCfg = Release|Any CPU
		{7830F126-4C52-4DAF-8128-B8F787CF712B}.Release|x64.Build.0 = Release|Any CPU
		{7830F126-4C52-4DAF-8128-B8F787CF712B}.Release|x86.ActiveCfg = Release|Any CPU
		{7830F126-4C52-4DAF-8128-B8F787CF712B}.Release|x86.Build.0 = Release|Any CPU
		{F5DFE9BF-F138-48E3-906C-09DB32702437}.Debug|Any CPU.ActiveCfg = Debug|Any CPU
		{F5DFE9BF-F138-48E3-906C-09DB32702437}.Debug|Any CPU.Build.0 = Debug|Any CPU
		{F5DFE9BF-F138-48E3-906C-09DB32702437}.Debug|x64.ActiveCfg = Debug|Any CPU
		{F5DFE9BF-F138-48E3-906C-09DB32702437}.Debug|x64.Build.0 = Debug|Any CPU
		{F5DFE9BF-F138-48E3-906C-09DB32702437}.Debug|x86.ActiveCfg = Debug|Any CPU
		{F5DFE9BF-F138-48E3-906C-09DB32702437}.Debug|x86.Build.0 = Debug|Any CPU
		{F5DFE9BF-F138-48E3-906C-09DB32702437}.Release|Any CPU.ActiveCfg = Release|Any CPU
		{F5DFE9BF-F138-48E3-906C-09DB32702437}.Release|Any CPU.Build.0 = Release|Any CPU
		{F5DFE9BF-F138-48E3-906C-09DB32702437}.Release|x64.ActiveCfg = Release|Any CPU
		{F5DFE9BF-F138-48E3-906C-09DB32702437}.Release|x64.Build.0 = Release|Any CPU
		{F5DFE9BF-F138-48E3-906C-09DB32702437}.Release|x86.ActiveCfg = Release|Any CPU
		{F5DFE9BF-F138-48E3-906C-09DB32702437}.Release|x86.Build.0 = Release|Any CPU
		{50B92308-86D8-4D4D-834F-47A9743AC7E4}.Debug|Any CPU.ActiveCfg = Debug|Any CPU
		{50B92308-86D8-4D4D-834F-47A9743AC7E4}.Debug|Any CPU.Build.0 = Debug|Any CPU
		{50B92308-86D8-4D4D-834F-47A9743AC7E4}.Debug|x64.ActiveCfg = Debug|Any CPU
		{50B92308-86D8-4D4D-834F-47A9743AC7E4}.Debug|x64.Build.0 = Debug|Any CPU
		{50B92308-86D8-4D4D-834F-47A9743AC7E4}.Debug|x86.ActiveCfg = Debug|Any CPU
		{50B92308-86D8-4D4D-834F-47A9743AC7E4}.Debug|x86.Build.0 = Debug|Any CPU
		{50B92308-86D8-4D4D-834F-47A9743AC7E4}.Release|Any CPU.ActiveCfg = Release|Any CPU
		{50B92308-86D8-4D4D-834F-47A9743AC7E4}.Release|Any CPU.Build.0 = Release|Any CPU
		{50B92308-86D8-4D4D-834F-47A9743AC7E4}.Release|x64.ActiveCfg = Release|Any CPU
		{50B92308-86D8-4D4D-834F-47A9743AC7E4}.Release|x64.Build.0 = Release|Any CPU
		{50B92308-86D8-4D4D-834F-47A9743AC7E4}.Release|x86.ActiveCfg = Release|Any CPU
		{50B92308-86D8-4D4D-834F-47A9743AC7E4}.Release|x86.Build.0 = Release|Any CPU
		{538BEB96-6741-473A-A835-4971CCA3934C}.Debug|Any CPU.ActiveCfg = Debug|Any CPU
		{538BEB96-6741-473A-A835-4971CCA3934C}.Debug|Any CPU.Build.0 = Debug|Any CPU
		{538BEB96-6741-473A-A835-4971CCA3934C}.Debug|x64.ActiveCfg = Debug|Any CPU
		{538BEB96-6741-473A-A835-4971CCA3934C}.Debug|x64.Build.0 = Debug|Any CPU
		{538BEB96-6741-473A-A835-4971CCA3934C}.Debug|x86.ActiveCfg = Debug|Any CPU
		{538BEB96-6741-473A-A835-4971CCA3934C}.Debug|x86.Build.0 = Debug|Any CPU
		{538BEB96-6741-473A-A835-4971CCA3934C}.Release|Any CPU.ActiveCfg = Release|Any CPU
		{538BEB96-6741-473A-A835-4971CCA3934C}.Release|Any CPU.Build.0 = Release|Any CPU
		{538BEB96-6741-473A-A835-4971CCA3934C}.Release|x64.ActiveCfg = Release|Any CPU
		{538BEB96-6741-473A-A835-4971CCA3934C}.Release|x64.Build.0 = Release|Any CPU
		{538BEB96-6741-473A-A835-4971CCA3934C}.Release|x86.ActiveCfg = Release|Any CPU
		{538BEB96-6741-473A-A835-4971CCA3934C}.Release|x86.Build.0 = Release|Any CPU
	EndGlobalSection
	GlobalSection(SolutionProperties) = preSolution
		HideSolutionNode = FALSE
	EndGlobalSection
	GlobalSection(NestedProjects) = preSolution
		{538BEB96-6741-473A-A835-4971CCA3934C} = {0AB3BF05-4346-4AA6-1389-037BE0695223}
	EndGlobalSection
	GlobalSection(ExtensibilityGlobals) = postSolution
		SolutionGuid = {2A32BCB0-0520-451A-8BBB-C218A0EEC3A4}
	EndGlobalSection
EndGlobal
